
Microsoft Visual Studio Solution File, Format Version 12.00
# Visual Studio 2013
VisualStudioVersion = 12.0.31101.0
MinimumVisualStudioVersion = 10.0.40219.1
Project("{FAE04EC0-301F-11D3-BF4B-00C04F79EFBC}") = "FunctionalExtensions.Tests", "FunctionalExtensions.Tests\FunctionalExtensions.Tests.csproj", "{A2A4BD91-9F36-4537-AA44-584F2CE51964}"
EndProject
Project("{FAE04EC0-301F-11D3-BF4B-00C04F79EFBC}") = "EnumExtensions", "EnumExtensions\EnumExtensions.csproj", "{71321685-A629-443C-A573-07B9E8FAA7DE}"
EndProject
Project("{FAE04EC0-301F-11D3-BF4B-00C04F79EFBC}") = "FunctionalExtensions.Examples", "FunctionalExtensions.Examples\FunctionalExtensions.Examples.csproj", "{E59892FE-0602-4126-837E-7FB6EB4E567B}"
EndProject
Project("{FAE04EC0-301F-11D3-BF4B-00C04F79EFBC}") = "FunctionalExtensions", "FunctionalExtensions\FunctionalExtensions.csproj", "{D0B6546E-954B-4014-BF7C-8058B4F97108}"
EndProject
Global
	GlobalSection(SolutionConfigurationPlatforms) = preSolution
		Debug|Any CPU = Debug|Any CPU
		Release|Any CPU = Release|Any CPU
	EndGlobalSection
	GlobalSection(ProjectConfigurationPlatforms) = postSolution
		{A2A4BD91-9F36-4537-AA44-584F2CE51964}.Debug|Any CPU.ActiveCfg = Debug|Any CPU
		{A2A4BD91-9F36-4537-AA44-584F2CE51964}.Debug|Any CPU.Build.0 = Debug|Any CPU
		{A2A4BD91-9F36-4537-AA44-584F2CE51964}.Release|Any CPU.ActiveCfg = Release|Any CPU
		{A2A4BD91-9F36-4537-AA44-584F2CE51964}.Release|Any CPU.Build.0 = Release|Any CPU
		{71321685-A629-443C-A573-07B9E8FAA7DE}.Debug|Any CPU.ActiveCfg = Debug|Any CPU
		{71321685-A629-443C-A573-07B9E8FAA7DE}.Debug|Any CPU.Build.0 = Debug|Any CPU
		{71321685-A629-443C-A573-07B9E8FAA7DE}.Release|Any CPU.ActiveCfg = Release|Any CPU
		{71321685-A629-443C-A573-07B9E8FAA7DE}.Release|Any CPU.Build.0 = Release|Any CPU
		{E59892FE-0602-4126-837E-7FB6EB4E567B}.Debug|Any CPU.ActiveCfg = Debug|Any CPU
		{E59892FE-0602-4126-837E-7FB6EB4E567B}.Debug|Any CPU.Build.0 = Debug|Any CPU
		{E59892FE-0602-4126-837E-7FB6EB4E567B}.Release|Any CPU.ActiveCfg = Release|Any CPU
		{E59892FE-0602-4126-837E-7FB6EB4E567B}.Release|Any CPU.Build.0 = Release|Any CPU
		{D0B6546E-954B-4014-BF7C-8058B4F97108}.Debug|Any CPU.ActiveCfg = Debug|Any CPU
		{D0B6546E-954B-4014-BF7C-8058B4F97108}.Debug|Any CPU.Build.0 = Debug|Any CPU
		{D0B6546E-954B-4014-BF7C-8058B4F97108}.Release|Any CPU.ActiveCfg = Release|Any CPU
		{D0B6546E-954B-4014-BF7C-8058B4F97108}.Release|Any CPU.Build.0 = Release|Any CPU
	EndGlobalSection
	GlobalSection(SolutionProperties) = preSolution
		HideSolutionNode = FALSE
	EndGlobalSection
EndGlobal
