
Microsoft Visual Studio Solution File, Format Version 12.00
# Visual Studio 15
VisualStudioVersion = 15.0.26430.13
MinimumVisualStudioVersion = 10.0.40219.1
Project("{9A19103F-16F7-4668-BE54-9A1E7A4F7556}") = "FunctionalExtensions", "FunctionalExtensions\FunctionalExtensions.csproj", "{633F744A-139B-4CB6-A0C0-521FFB42FB31}"
EndProject
Project("{9A19103F-16F7-4668-BE54-9A1E7A4F7556}") = "FunctionalExtensions.Tests", "FunctionalExtensions.Tests\FunctionalExtensions.Tests.csproj", "{43903408-55E6-497B-B4DE-3C82D73B35D1}"
EndProject
Project("{FAE04EC0-301F-11D3-BF4B-00C04F79EFBC}") = "FunctionalExtensions.Examples", "FunctionalExtensions.Examples\FunctionalExtensions.Examples.csproj", "{D8B16B53-5EF6-49BB-B691-CA9F55A8FF03}"
EndProject
Project("{FAE04EC0-301F-11D3-BF4B-00C04F79EFBC}") = "EnumExtensions", "EnumExtensions\EnumExtensions.csproj", "{614CD360-CA3C-4AC6-A2AC-35ACFD0CF576}"
EndProject
Global
	GlobalSection(SolutionConfigurationPlatforms) = preSolution
		Debug|Any CPU = Debug|Any CPU
		Release|Any CPU = Release|Any CPU
	EndGlobalSection
	GlobalSection(ProjectConfigurationPlatforms) = postSolution
		{633F744A-139B-4CB6-A0C0-521FFB42FB31}.Debug|Any CPU.ActiveCfg = Debug|Any CPU
		{633F744A-139B-4CB6-A0C0-521FFB42FB31}.Debug|Any CPU.Build.0 = Debug|Any CPU
		{633F744A-139B-4CB6-A0C0-521FFB42FB31}.Release|Any CPU.ActiveCfg = Release|Any CPU
		{633F744A-139B-4CB6-A0C0-521FFB42FB31}.Release|Any CPU.Build.0 = Release|Any CPU
		{43903408-55E6-497B-B4DE-3C82D73B35D1}.Debug|Any CPU.ActiveCfg = Debug|Any CPU
		{43903408-55E6-497B-B4DE-3C82D73B35D1}.Debug|Any CPU.Build.0 = Debug|Any CPU
		{43903408-55E6-497B-B4DE-3C82D73B35D1}.Release|Any CPU.ActiveCfg = Release|Any CPU
		{43903408-55E6-497B-B4DE-3C82D73B35D1}.Release|Any CPU.Build.0 = Release|Any CPU
		{D8B16B53-5EF6-49BB-B691-CA9F55A8FF03}.Debug|Any CPU.ActiveCfg = Debug|Any CPU
		{D8B16B53-5EF6-49BB-B691-CA9F55A8FF03}.Debug|Any CPU.Build.0 = Debug|Any CPU
		{D8B16B53-5EF6-49BB-B691-CA9F55A8FF03}.Release|Any CPU.ActiveCfg = Release|Any CPU
		{D8B16B53-5EF6-49BB-B691-CA9F55A8FF03}.Release|Any CPU.Build.0 = Release|Any CPU
		{614CD360-CA3C-4AC6-A2AC-35ACFD0CF576}.Debug|Any CPU.ActiveCfg = Debug|Any CPU
		{614CD360-CA3C-4AC6-A2AC-35ACFD0CF576}.Debug|Any CPU.Build.0 = Debug|Any CPU
		{614CD360-CA3C-4AC6-A2AC-35ACFD0CF576}.Release|Any CPU.ActiveCfg = Release|Any CPU
		{614CD360-CA3C-4AC6-A2AC-35ACFD0CF576}.Release|Any CPU.Build.0 = Release|Any CPU
	EndGlobalSection
	GlobalSection(SolutionProperties) = preSolution
		HideSolutionNode = FALSE
	EndGlobalSection
EndGlobal
